
Microsoft Visual Studio Solution File, Format Version 12.00
# Visual Studio Version 17
VisualStudioVersion = 17.10.35013.160
MinimumVisualStudioVersion = 10.0.40219.1
Project("{9A19103F-16F7-4668-BE54-9A1E7A4F7556}") = "MyLibrary", "MyLibrary\MyLibrary.csproj", "{51298543-920E-451F-AE8D-65E70C4683B3}"
EndProject
Project("{9A19103F-16F7-4668-BE54-9A1E7A4F7556}") = "Self-contained-single-file", "Self-contained-single-file\Self-contained-single-file.csproj", "{599E3A54-072A-40C7-B8B3-0D2C89BDCCC4}"
EndProject
Project("{2150E333-8FDC-42A3-9474-1A3956D46DE8}") = "Solution Items", "Solution Items", "{E3A1F808-11D4-4346-94DD-D51AD6A311BA}"
	ProjectSection(SolutionItems) = preProject
		.gitattributes = .gitattributes
		.gitignore = .gitignore
		LICENSE.txt = LICENSE.txt
		README.md = README.md
	EndProjectSection
EndProject
Global
	GlobalSection(SolutionConfigurationPlatforms) = preSolution
		Debug|Any CPU = Debug|Any CPU
		Release|Any CPU = Release|Any CPU
	EndGlobalSection
	GlobalSection(ProjectConfigurationPlatforms) = postSolution
		{51298543-920E-451F-AE8D-65E70C4683B3}.Debug|Any CPU.ActiveCfg = Debug|Any CPU
		{51298543-920E-451F-AE8D-65E70C4683B3}.Debug|Any CPU.Build.0 = Debug|Any CPU
		{51298543-920E-451F-AE8D-65E70C4683B3}.Release|Any CPU.ActiveCfg = Release|Any CPU
		{51298543-920E-451F-AE8D-65E70C4683B3}.Release|Any CPU.Build.0 = Release|Any CPU
		{599E3A54-072A-40C7-B8B3-0D2C89BDCCC4}.Debug|Any CPU.ActiveCfg = Debug|Any CPU
		{599E3A54-072A-40C7-B8B3-0D2C89BDCCC4}.Debug|Any CPU.Build.0 = Debug|Any CPU
		{599E3A54-072A-40C7-B8B3-0D2C89BDCCC4}.Release|Any CPU.ActiveCfg = Release|Any CPU
		{599E3A54-072A-40C7-B8B3-0D2C89BDCCC4}.Release|Any CPU.Build.0 = Release|Any CPU
	EndGlobalSection
	GlobalSection(SolutionProperties) = preSolution
		HideSolutionNode = FALSE
	EndGlobalSection
	GlobalSection(ExtensibilityGlobals) = postSolution
		SolutionGuid = {324C7B34-E373-4BD6-A41D-56DDC703A1E2}
	EndGlobalSection
EndGlobal
